// !$*UTF8*$!
{
	archiveVersion = 1;
	classes = {
	};
	objectVersion = 56;
	objects = {

/* Begin PBXBuildFile section */
		1FBFDE0AD3877352D26B3F12 /* Pods_LiveMentoringSession.framework in Frameworks */ = {isa = PBXBuildFile; fileRef = 4F68FB9223274D6B83B19A61 /* Pods_LiveMentoringSession.framework */; };
		20A3F7F9D76F1ED2AE5F2D71 /* Pods_LiveMentoringSessionTests.framework in Frameworks */ = {isa = PBXBuildFile; fileRef = 44B91DE137A142AD5CD9E589 /* Pods_LiveMentoringSessionTests.framework */; };
		62497C682AB5BA5700832A76 /* AppDelegate.swift in Sources */ = {isa = PBXBuildFile; fileRef = 62497C672AB5BA5700832A76 /* AppDelegate.swift */; };
		62497C6A2AB5BA5700832A76 /* SceneDelegate.swift in Sources */ = {isa = PBXBuildFile; fileRef = 62497C692AB5BA5700832A76 /* SceneDelegate.swift */; };
		62497C6F2AB5BA5700832A76 /* Main.storyboard in Resources */ = {isa = PBXBuildFile; fileRef = 62497C6D2AB5BA5700832A76 /* Main.storyboard */; };
		62497C712AB5BA5800832A76 /* Assets.xcassets in Resources */ = {isa = PBXBuildFile; fileRef = 62497C702AB5BA5800832A76 /* Assets.xcassets */; };
		62497C742AB5BA5800832A76 /* LaunchScreen.storyboard in Resources */ = {isa = PBXBuildFile; fileRef = 62497C722AB5BA5800832A76 /* LaunchScreen.storyboard */; };
		62497C7C2AB5BBA800832A76 /* TransactionsFlow.swift in Sources */ = {isa = PBXBuildFile; fileRef = 62497C7B2AB5BBA800832A76 /* TransactionsFlow.swift */; };
		62497C7E2AB5BD4B00832A76 /* TransactionDetailView.swift in Sources */ = {isa = PBXBuildFile; fileRef = 62497C7D2AB5BD4B00832A76 /* TransactionDetailView.swift */; };
		62497C802AB5BFD600832A76 /* PromptView.swift in Sources */ = {isa = PBXBuildFile; fileRef = 62497C7F2AB5BFD600832A76 /* PromptView.swift */; };
		62497C822AB5C2C700832A76 /* TransactionListView.swift in Sources */ = {isa = PBXBuildFile; fileRef = 62497C812AB5C2C700832A76 /* TransactionListView.swift */; };
		62497C8A2AB5C49700832A76 /* TransactionsFlowAcceptanceTests.swift in Sources */ = {isa = PBXBuildFile; fileRef = 62497C892AB5C49700832A76 /* TransactionsFlowAcceptanceTests.swift */; };
		62497C942AB89E9E00832A76 /* TransactionCellViewTests.swift in Sources */ = {isa = PBXBuildFile; fileRef = 62497C932AB89E9E00832A76 /* TransactionCellViewTests.swift */; };
/* End PBXBuildFile section */

/* Begin PBXContainerItemProxy section */
		62497C8B2AB5C49700832A76 /* PBXContainerItemProxy */ = {
			isa = PBXContainerItemProxy;
			containerPortal = 62497C5C2AB5BA5700832A76 /* Project object */;
			proxyType = 1;
			remoteGlobalIDString = 62497C632AB5BA5700832A76;
			remoteInfo = LiveMentoringSession;
		};
/* End PBXContainerItemProxy section */

/* Begin PBXFileReference section */
		44B91DE137A142AD5CD9E589 /* Pods_LiveMentoringSessionTests.framework */ = {isa = PBXFileReference; explicitFileType = wrapper.framework; includeInIndex = 0; path = Pods_LiveMentoringSessionTests.framework; sourceTree = BUILT_PRODUCTS_DIR; };
		4F68FB9223274D6B83B19A61 /* Pods_LiveMentoringSession.framework */ = {isa = PBXFileReference; explicitFileType = wrapper.framework; includeInIndex = 0; path = Pods_LiveMentoringSession.framework; sourceTree = BUILT_PRODUCTS_DIR; };
		62497C642AB5BA5700832A76 /* LiveMentoringSession.app */ = {isa = PBXFileReference; explicitFileType = wrapper.application; includeInIndex = 0; path = LiveMentoringSession.app; sourceTree = BUILT_PRODUCTS_DIR; };
		62497C672AB5BA5700832A76 /* AppDelegate.swift */ = {isa = PBXFileReference; lastKnownFileType = sourcecode.swift; path = AppDelegate.swift; sourceTree = "<group>"; };
		62497C692AB5BA5700832A76 /* SceneDelegate.swift */ = {isa = PBXFileReference; lastKnownFileType = sourcecode.swift; path = SceneDelegate.swift; sourceTree = "<group>"; };
		62497C6E2AB5BA5700832A76 /* Base */ = {isa = PBXFileReference; lastKnownFileType = file.storyboard; name = Base; path = Base.lproj/Main.storyboard; sourceTree = "<group>"; };
		62497C702AB5BA5800832A76 /* Assets.xcassets */ = {isa = PBXFileReference; lastKnownFileType = folder.assetcatalog; path = Assets.xcassets; sourceTree = "<group>"; };
		62497C732AB5BA5800832A76 /* Base */ = {isa = PBXFileReference; lastKnownFileType = file.storyboard; name = Base; path = Base.lproj/LaunchScreen.storyboard; sourceTree = "<group>"; };
		62497C752AB5BA5800832A76 /* Info.plist */ = {isa = PBXFileReference; lastKnownFileType = text.plist.xml; path = Info.plist; sourceTree = "<group>"; };
		62497C7B2AB5BBA800832A76 /* TransactionsFlow.swift */ = {isa = PBXFileReference; lastKnownFileType = sourcecode.swift; path = TransactionsFlow.swift; sourceTree = "<group>"; };
		62497C7D2AB5BD4B00832A76 /* TransactionDetailView.swift */ = {isa = PBXFileReference; lastKnownFileType = sourcecode.swift; path = TransactionDetailView.swift; sourceTree = "<group>"; };
		62497C7F2AB5BFD600832A76 /* PromptView.swift */ = {isa = PBXFileReference; lastKnownFileType = sourcecode.swift; path = PromptView.swift; sourceTree = "<group>"; };
		62497C812AB5C2C700832A76 /* TransactionListView.swift */ = {isa = PBXFileReference; lastKnownFileType = sourcecode.swift; path = TransactionListView.swift; sourceTree = "<group>"; };
		62497C872AB5C49700832A76 /* LiveMentoringSessionTests.xctest */ = {isa = PBXFileReference; explicitFileType = wrapper.cfbundle; includeInIndex = 0; path = LiveMentoringSessionTests.xctest; sourceTree = BUILT_PRODUCTS_DIR; };
		62497C892AB5C49700832A76 /* TransactionsFlowAcceptanceTests.swift */ = {isa = PBXFileReference; lastKnownFileType = sourcecode.swift; path = TransactionsFlowAcceptanceTests.swift; sourceTree = "<group>"; };
		62497C932AB89E9E00832A76 /* TransactionCellViewTests.swift */ = {isa = PBXFileReference; lastKnownFileType = sourcecode.swift; path = TransactionCellViewTests.swift; sourceTree = "<group>"; };
		7F03C61B098567BB284985C9 /* Pods-LiveMentoringSessionTests.debug.xcconfig */ = {isa = PBXFileReference; includeInIndex = 1; lastKnownFileType = text.xcconfig; name = "Pods-LiveMentoringSessionTests.debug.xcconfig"; path = "Target Support Files/Pods-LiveMentoringSessionTests/Pods-LiveMentoringSessionTests.debug.xcconfig"; sourceTree = "<group>"; };
		85C2EEB9AF8FA95AA69B2D2D /* Pods-LiveMentoringSessionTests.release.xcconfig */ = {isa = PBXFileReference; includeInIndex = 1; lastKnownFileType = text.xcconfig; name = "Pods-LiveMentoringSessionTests.release.xcconfig"; path = "Target Support Files/Pods-LiveMentoringSessionTests/Pods-LiveMentoringSessionTests.release.xcconfig"; sourceTree = "<group>"; };
		9D14957F4754BEBDE206CA30 /* Pods-LiveMentoringSession.debug.xcconfig */ = {isa = PBXFileReference; includeInIndex = 1; lastKnownFileType = text.xcconfig; name = "Pods-LiveMentoringSession.debug.xcconfig"; path = "Target Support Files/Pods-LiveMentoringSession/Pods-LiveMentoringSession.debug.xcconfig"; sourceTree = "<group>"; };
		BA1F96345E8B8655B7A546BB /* Pods-LiveMentoringSession.release.xcconfig */ = {isa = PBXFileReference; includeInIndex = 1; lastKnownFileType = text.xcconfig; name = "Pods-LiveMentoringSession.release.xcconfig"; path = "Target Support Files/Pods-LiveMentoringSession/Pods-LiveMentoringSession.release.xcconfig"; sourceTree = "<group>"; };
/* End PBXFileReference section */

/* Begin PBXFrameworksBuildPhase section */
		62497C612AB5BA5700832A76 /* Frameworks */ = {
			isa = PBXFrameworksBuildPhase;
			buildActionMask = 2147483647;
			files = (
				1FBFDE0AD3877352D26B3F12 /* Pods_LiveMentoringSession.framework in Frameworks */,
			);
			runOnlyForDeploymentPostprocessing = 0;
		};
		62497C842AB5C49700832A76 /* Frameworks */ = {
			isa = PBXFrameworksBuildPhase;
			buildActionMask = 2147483647;
			files = (
				20A3F7F9D76F1ED2AE5F2D71 /* Pods_LiveMentoringSessionTests.framework in Frameworks */,
			);
			runOnlyForDeploymentPostprocessing = 0;
		};
/* End PBXFrameworksBuildPhase section */

/* Begin PBXGroup section */
		5885B0AEFD979F128ED42759 /* Frameworks */ = {
			isa = PBXGroup;
			children = (
				4F68FB9223274D6B83B19A61 /* Pods_LiveMentoringSession.framework */,
				44B91DE137A142AD5CD9E589 /* Pods_LiveMentoringSessionTests.framework */,
			);
			name = Frameworks;
			sourceTree = "<group>";
		};
		62497C5B2AB5BA5700832A76 = {
			isa = PBXGroup;
			children = (
				62497C662AB5BA5700832A76 /* LiveMentoringSession */,
				62497C882AB5C49700832A76 /* LiveMentoringSessionTests */,
				62497C652AB5BA5700832A76 /* Products */,
				C190E9A6D1BFE0C97D14C62C /* Pods */,
				5885B0AEFD979F128ED42759 /* Frameworks */,
			);
			sourceTree = "<group>";
		};
		62497C652AB5BA5700832A76 /* Products */ = {
			isa = PBXGroup;
			children = (
				62497C642AB5BA5700832A76 /* LiveMentoringSession.app */,
				62497C872AB5C49700832A76 /* LiveMentoringSessionTests.xctest */,
			);
			name = Products;
			sourceTree = "<group>";
		};
		62497C662AB5BA5700832A76 /* LiveMentoringSession */ = {
			isa = PBXGroup;
			children = (
				62497C672AB5BA5700832A76 /* AppDelegate.swift */,
				62497C692AB5BA5700832A76 /* SceneDelegate.swift */,
				62497C7B2AB5BBA800832A76 /* TransactionsFlow.swift */,
				62497C7F2AB5BFD600832A76 /* PromptView.swift */,
				62497C812AB5C2C700832A76 /* TransactionListView.swift */,
				62497C7D2AB5BD4B00832A76 /* TransactionDetailView.swift */,
				62497C6D2AB5BA5700832A76 /* Main.storyboard */,
				62497C702AB5BA5800832A76 /* Assets.xcassets */,
				62497C722AB5BA5800832A76 /* LaunchScreen.storyboard */,
				62497C752AB5BA5800832A76 /* Info.plist */,
			);
			path = LiveMentoringSession;
			sourceTree = "<group>";
		};
		62497C882AB5C49700832A76 /* LiveMentoringSessionTests */ = {
			isa = PBXGroup;
			children = (
				62497C892AB5C49700832A76 /* TransactionsFlowAcceptanceTests.swift */,
				62497C932AB89E9E00832A76 /* TransactionCellViewTests.swift */,
			);
			path = LiveMentoringSessionTests;
			sourceTree = "<group>";
		};
		C190E9A6D1BFE0C97D14C62C /* Pods */ = {
			isa = PBXGroup;
			children = (
				9D14957F4754BEBDE206CA30 /* Pods-LiveMentoringSession.debug.xcconfig */,
				BA1F96345E8B8655B7A546BB /* Pods-LiveMentoringSession.release.xcconfig */,
				7F03C61B098567BB284985C9 /* Pods-LiveMentoringSessionTests.debug.xcconfig */,
				85C2EEB9AF8FA95AA69B2D2D /* Pods-LiveMentoringSessionTests.release.xcconfig */,
			);
			path = Pods;
			sourceTree = "<group>";
		};
/* End PBXGroup section */

/* Begin PBXNativeTarget section */
		62497C632AB5BA5700832A76 /* LiveMentoringSession */ = {
			isa = PBXNativeTarget;
			buildConfigurationList = 62497C782AB5BA5800832A76 /* Build configuration list for PBXNativeTarget "LiveMentoringSession" */;
			buildPhases = (
				14559277E42BA68186336968 /* [CP] Check Pods Manifest.lock */,
				62497C602AB5BA5700832A76 /* Sources */,
				62497C612AB5BA5700832A76 /* Frameworks */,
				62497C622AB5BA5700832A76 /* Resources */,
			);
			buildRules = (
			);
			dependencies = (
			);
			name = LiveMentoringSession;
			productName = LiveMentoringSession;
			productReference = 62497C642AB5BA5700832A76 /* LiveMentoringSession.app */;
			productType = "com.apple.product-type.application";
		};
		62497C862AB5C49700832A76 /* LiveMentoringSessionTests */ = {
			isa = PBXNativeTarget;
			buildConfigurationList = 62497C8D2AB5C49700832A76 /* Build configuration list for PBXNativeTarget "LiveMentoringSessionTests" */;
			buildPhases = (
				295D0BE0910B05BEF965A838 /* [CP] Check Pods Manifest.lock */,
				62497C832AB5C49700832A76 /* Sources */,
				62497C842AB5C49700832A76 /* Frameworks */,
				62497C852AB5C49700832A76 /* Resources */,
				0C16E175C687E2ACD5D47B84 /* [CP] Embed Pods Frameworks */,
			);
			buildRules = (
			);
			dependencies = (
				62497C8C2AB5C49700832A76 /* PBXTargetDependency */,
			);
			name = LiveMentoringSessionTests;
			productName = LiveMentoringSessionTests;
			productReference = 62497C872AB5C49700832A76 /* LiveMentoringSessionTests.xctest */;
			productType = "com.apple.product-type.bundle.unit-test";
		};
/* End PBXNativeTarget section */

/* Begin PBXProject section */
		62497C5C2AB5BA5700832A76 /* Project object */ = {
			isa = PBXProject;
			attributes = {
				BuildIndependentTargetsInParallel = 1;
				LastSwiftUpdateCheck = 1430;
				LastUpgradeCheck = 1430;
				TargetAttributes = {
					62497C632AB5BA5700832A76 = {
						CreatedOnToolsVersion = 14.3;
					};
					62497C862AB5C49700832A76 = {
						CreatedOnToolsVersion = 14.3;
						TestTargetID = 62497C632AB5BA5700832A76;
					};
				};
			};
			buildConfigurationList = 62497C5F2AB5BA5700832A76 /* Build configuration list for PBXProject "LiveMentoringSession" */;
			compatibilityVersion = "Xcode 14.0";
			developmentRegion = en;
			hasScannedForEncodings = 0;
			knownRegions = (
				en,
				Base,
			);
			mainGroup = 62497C5B2AB5BA5700832A76;
			productRefGroup = 62497C652AB5BA5700832A76 /* Products */;
			projectDirPath = "";
			projectRoot = "";
			targets = (
				62497C632AB5BA5700832A76 /* LiveMentoringSession */,
				62497C862AB5C49700832A76 /* LiveMentoringSessionTests */,
			);
		};
/* End PBXProject section */

/* Begin PBXResourcesBuildPhase section */
		62497C622AB5BA5700832A76 /* Resources */ = {
			isa = PBXResourcesBuildPhase;
			buildActionMask = 2147483647;
			files = (
				62497C742AB5BA5800832A76 /* LaunchScreen.storyboard in Resources */,
				62497C712AB5BA5800832A76 /* Assets.xcassets in Resources */,
				62497C6F2AB5BA5700832A76 /* Main.storyboard in Resources */,
			);
			runOnlyForDeploymentPostprocessing = 0;
		};
		62497C852AB5C49700832A76 /* Resources */ = {
			isa = PBXResourcesBuildPhase;
			buildActionMask = 2147483647;
			files = (
			);
			runOnlyForDeploymentPostprocessing = 0;
		};
/* End PBXResourcesBuildPhase section */

/* Begin PBXShellScriptBuildPhase section */
		0C16E175C687E2ACD5D47B84 /* [CP] Embed Pods Frameworks */ = {
			isa = PBXShellScriptBuildPhase;
			buildActionMask = 2147483647;
			files = (
			);
			inputFileListPaths = (
				"${PODS_ROOT}/Target Support Files/Pods-LiveMentoringSessionTests/Pods-LiveMentoringSessionTests-frameworks-${CONFIGURATION}-input-files.xcfilelist",
			);
			name = "[CP] Embed Pods Frameworks";
			outputFileListPaths = (
				"${PODS_ROOT}/Target Support Files/Pods-LiveMentoringSessionTests/Pods-LiveMentoringSessionTests-frameworks-${CONFIGURATION}-output-files.xcfilelist",
			);
			runOnlyForDeploymentPostprocessing = 0;
			shellPath = /bin/sh;
			shellScript = "\"${PODS_ROOT}/Target Support Files/Pods-LiveMentoringSessionTests/Pods-LiveMentoringSessionTests-frameworks.sh\"\n";
			showEnvVarsInLog = 0;
		};
		14559277E42BA68186336968 /* [CP] Check Pods Manifest.lock */ = {
			isa = PBXShellScriptBuildPhase;
			buildActionMask = 2147483647;
			files = (
			);
			inputFileListPaths = (
			);
			inputPaths = (
				"${PODS_PODFILE_DIR_PATH}/Podfile.lock",
				"${PODS_ROOT}/Manifest.lock",
			);
			name = "[CP] Check Pods Manifest.lock";
			outputFileListPaths = (
			);
			outputPaths = (
				"$(DERIVED_FILE_DIR)/Pods-LiveMentoringSession-checkManifestLockResult.txt",
			);
			runOnlyForDeploymentPostprocessing = 0;
			shellPath = /bin/sh;
			shellScript = "diff \"${PODS_PODFILE_DIR_PATH}/Podfile.lock\" \"${PODS_ROOT}/Manifest.lock\" > /dev/null\nif [ $? != 0 ] ; then\n    # print error to STDERR\n    echo \"error: The sandbox is not in sync with the Podfile.lock. Run 'pod install' or update your CocoaPods installation.\" >&2\n    exit 1\nfi\n# This output is used by Xcode 'outputs' to avoid re-running this script phase.\necho \"SUCCESS\" > \"${SCRIPT_OUTPUT_FILE_0}\"\n";
			showEnvVarsInLog = 0;
		};
		295D0BE0910B05BEF965A838 /* [CP] Check Pods Manifest.lock */ = {
			isa = PBXShellScriptBuildPhase;
			buildActionMask = 2147483647;
			files = (
			);
			inputFileListPaths = (
			);
			inputPaths = (
				"${PODS_PODFILE_DIR_PATH}/Podfile.lock",
				"${PODS_ROOT}/Manifest.lock",
			);
			name = "[CP] Check Pods Manifest.lock";
			outputFileListPaths = (
			);
			outputPaths = (
				"$(DERIVED_FILE_DIR)/Pods-LiveMentoringSessionTests-checkManifestLockResult.txt",
			);
			runOnlyForDeploymentPostprocessing = 0;
			shellPath = /bin/sh;
			shellScript = "diff \"${PODS_PODFILE_DIR_PATH}/Podfile.lock\" \"${PODS_ROOT}/Manifest.lock\" > /dev/null\nif [ $? != 0 ] ; then\n    # print error to STDERR\n    echo \"error: The sandbox is not in sync with the Podfile.lock. Run 'pod install' or update your CocoaPods installation.\" >&2\n    exit 1\nfi\n# This output is used by Xcode 'outputs' to avoid re-running this script phase.\necho \"SUCCESS\" > \"${SCRIPT_OUTPUT_FILE_0}\"\n";
			showEnvVarsInLog = 0;
		};
/* End PBXShellScriptBuildPhase section */

/* Begin PBXSourcesBuildPhase section */
		62497C602AB5BA5700832A76 /* Sources */ = {
			isa = PBXSourcesBuildPhase;
			buildActionMask = 2147483647;
			files = (
				62497C682AB5BA5700832A76 /* AppDelegate.swift in Sources */,
				62497C7C2AB5BBA800832A76 /* TransactionsFlow.swift in Sources */,
				62497C7E2AB5BD4B00832A76 /* TransactionDetailView.swift in Sources */,
				62497C802AB5BFD600832A76 /* PromptView.swift in Sources */,
				62497C6A2AB5BA5700832A76 /* SceneDelegate.swift in Sources */,
				62497C822AB5C2C700832A76 /* TransactionListView.swift in Sources */,
			);
			runOnlyForDeploymentPostprocessing = 0;
		};
		62497C832AB5C49700832A76 /* Sources */ = {
			isa = PBXSourcesBuildPhase;
			buildActionMask = 2147483647;
			files = (
				62497C8A2AB5C49700832A76 /* TransactionsFlowAcceptanceTests.swift in Sources */,
				62497C942AB89E9E00832A76 /* TransactionCellViewTests.swift in Sources */,
			);
			runOnlyForDeploymentPostprocessing = 0;
		};
/* End PBXSourcesBuildPhase section */

/* Begin PBXTargetDependency section */
		62497C8C2AB5C49700832A76 /* PBXTargetDependency */ = {
			isa = PBXTargetDependency;
			target = 62497C632AB5BA5700832A76 /* LiveMentoringSession */;
			targetProxy = 62497C8B2AB5C49700832A76 /* PBXContainerItemProxy */;
		};
/* End PBXTargetDependency section */

/* Begin PBXVariantGroup section */
		62497C6D2AB5BA5700832A76 /* Main.storyboard */ = {
			isa = PBXVariantGroup;
			children = (
				62497C6E2AB5BA5700832A76 /* Base */,
			);
			name = Main.storyboard;
			sourceTree = "<group>";
		};
		62497C722AB5BA5800832A76 /* LaunchScreen.storyboard */ = {
			isa = PBXVariantGroup;
			children = (
				62497C732AB5BA5800832A76 /* Base */,
			);
			name = LaunchScreen.storyboard;
			sourceTree = "<group>";
		};
/* End PBXVariantGroup section */

/* Begin XCBuildConfiguration section */
		62497C762AB5BA5800832A76 /* Debug */ = {
			isa = XCBuildConfiguration;
			buildSettings = {
				ALWAYS_SEARCH_USER_PATHS = NO;
				CLANG_ANALYZER_NONNULL = YES;
				CLANG_ANALYZER_NUMBER_OBJECT_CONVERSION = YES_AGGRESSIVE;
				CLANG_CXX_LANGUAGE_STANDARD = "gnu++20";
				CLANG_ENABLE_MODULES = YES;
				CLANG_ENABLE_OBJC_ARC = YES;
				CLANG_ENABLE_OBJC_WEAK = YES;
				CLANG_WARN_BLOCK_CAPTURE_AUTORELEASING = YES;
				CLANG_WARN_BOOL_CONVERSION = YES;
				CLANG_WARN_COMMA = YES;
				CLANG_WARN_CONSTANT_CONVERSION = YES;
				CLANG_WARN_DEPRECATED_OBJC_IMPLEMENTATIONS = YES;
				CLANG_WARN_DIRECT_OBJC_ISA_USAGE = YES_ERROR;
				CLANG_WARN_DOCUMENTATION_COMMENTS = YES;
				CLANG_WARN_EMPTY_BODY = YES;
				CLANG_WARN_ENUM_CONVERSION = YES;
				CLANG_WARN_INFINITE_RECURSION = YES;
				CLANG_WARN_INT_CONVERSION = YES;
				CLANG_WARN_NON_LITERAL_NULL_CONVERSION = YES;
				CLANG_WARN_OBJC_IMPLICIT_RETAIN_SELF = YES;
				CLANG_WARN_OBJC_LITERAL_CONVERSION = YES;
				CLANG_WARN_OBJC_ROOT_CLASS = YES_ERROR;
				CLANG_WARN_QUOTED_INCLUDE_IN_FRAMEWORK_HEADER = YES;
				CLANG_WARN_RANGE_LOOP_ANALYSIS = YES;
				CLANG_WARN_STRICT_PROTOTYPES = YES;
				CLANG_WARN_SUSPICIOUS_MOVE = YES;
				CLANG_WARN_UNGUARDED_AVAILABILITY = YES_AGGRESSIVE;
				CLANG_WARN_UNREACHABLE_CODE = YES;
				CLANG_WARN__DUPLICATE_METHOD_MATCH = YES;
				COPY_PHASE_STRIP = NO;
				DEBUG_INFORMATION_FORMAT = dwarf;
				ENABLE_STRICT_OBJC_MSGSEND = YES;
				ENABLE_TESTABILITY = YES;
				GCC_C_LANGUAGE_STANDARD = gnu11;
				GCC_DYNAMIC_NO_PIC = NO;
				GCC_NO_COMMON_BLOCKS = YES;
				GCC_OPTIMIZATION_LEVEL = 0;
				GCC_PREPROCESSOR_DEFINITIONS = (
					"DEBUG=1",
					"$(inherited)",
				);
				GCC_WARN_64_TO_32_BIT_CONVERSION = YES;
				GCC_WARN_ABOUT_RETURN_TYPE = YES_ERROR;
				GCC_WARN_UNDECLARED_SELECTOR = YES;
				GCC_WARN_UNINITIALIZED_AUTOS = YES_AGGRESSIVE;
				GCC_WARN_UNUSED_FUNCTION = YES;
				GCC_WARN_UNUSED_VARIABLE = YES;
				IPHONEOS_DEPLOYMENT_TARGET = 16.4;
				MTL_ENABLE_DEBUG_INFO = INCLUDE_SOURCE;
				MTL_FAST_MATH = YES;
				ONLY_ACTIVE_ARCH = YES;
				SDKROOT = iphoneos;
				SWIFT_ACTIVE_COMPILATION_CONDITIONS = DEBUG;
				SWIFT_OPTIMIZATION_LEVEL = "-Onone";
			};
			name = Debug;
		};
		62497C772AB5BA5800832A76 /* Release */ = {
			isa = XCBuildConfiguration;
			buildSettings = {
				ALWAYS_SEARCH_USER_PATHS = NO;
				CLANG_ANALYZER_NONNULL = YES;
				CLANG_ANALYZER_NUMBER_OBJECT_CONVERSION = YES_AGGRESSIVE;
				CLANG_CXX_LANGUAGE_STANDARD = "gnu++20";
				CLANG_ENABLE_MODULES = YES;
				CLANG_ENABLE_OBJC_ARC = YES;
				CLANG_ENABLE_OBJC_WEAK = YES;
				CLANG_WARN_BLOCK_CAPTURE_AUTORELEASING = YES;
				CLANG_WARN_BOOL_CONVERSION = YES;
				CLANG_WARN_COMMA = YES;
				CLANG_WARN_CONSTANT_CONVERSION = YES;
				CLANG_WARN_DEPRECATED_OBJC_IMPLEMENTATIONS = YES;
				CLANG_WARN_DIRECT_OBJC_ISA_USAGE = YES_ERROR;
				CLANG_WARN_DOCUMENTATION_COMMENTS = YES;
				CLANG_WARN_EMPTY_BODY = YES;
				CLANG_WARN_ENUM_CONVERSION = YES;
				CLANG_WARN_INFINITE_RECURSION = YES;
				CLANG_WARN_INT_CONVERSION = YES;
				CLANG_WARN_NON_LITERAL_NULL_CONVERSION = YES;
				CLANG_WARN_OBJC_IMPLICIT_RETAIN_SELF = YES;
				CLANG_WARN_OBJC_LITERAL_CONVERSION = YES;
				CLANG_WARN_OBJC_ROOT_CLASS = YES_ERROR;
				CLANG_WARN_QUOTED_INCLUDE_IN_FRAMEWORK_HEADER = YES;
				CLANG_WARN_RANGE_LOOP_ANALYSIS = YES;
				CLANG_WARN_STRICT_PROTOTYPES = YES;
				CLANG_WARN_SUSPICIOUS_MOVE = YES;
				CLANG_WARN_UNGUARDED_AVAILABILITY = YES_AGGRESSIVE;
				CLANG_WARN_UNREACHABLE_CODE = YES;
				CLANG_WARN__DUPLICATE_METHOD_MATCH = YES;
				COPY_PHASE_STRIP = NO;
				DEBUG_INFORMATION_FORMAT = "dwarf-with-dsym";
				ENABLE_NS_ASSERTIONS = NO;
				ENABLE_STRICT_OBJC_MSGSEND = YES;
				GCC_C_LANGUAGE_STANDARD = gnu11;
				GCC_NO_COMMON_BLOCKS = YES;
				GCC_WARN_64_TO_32_BIT_CONVERSION = YES;
				GCC_WARN_ABOUT_RETURN_TYPE = YES_ERROR;
				GCC_WARN_UNDECLARED_SELECTOR = YES;
				GCC_WARN_UNINITIALIZED_AUTOS = YES_AGGRESSIVE;
				GCC_WARN_UNUSED_FUNCTION = YES;
				GCC_WARN_UNUSED_VARIABLE = YES;
				IPHONEOS_DEPLOYMENT_TARGET = 16.4;
				MTL_ENABLE_DEBUG_INFO = NO;
				MTL_FAST_MATH = YES;
				SDKROOT = iphoneos;
				SWIFT_COMPILATION_MODE = wholemodule;
				SWIFT_OPTIMIZATION_LEVEL = "-O";
				VALIDATE_PRODUCT = YES;
			};
			name = Release;
		};
		62497C792AB5BA5800832A76 /* Debug */ = {
			isa = XCBuildConfiguration;
			baseConfigurationReference = 9D14957F4754BEBDE206CA30 /* Pods-LiveMentoringSession.debug.xcconfig */;
			buildSettings = {
				ASSETCATALOG_COMPILER_APPICON_NAME = AppIcon;
				ASSETCATALOG_COMPILER_GLOBAL_ACCENT_COLOR_NAME = AccentColor;
				CODE_SIGN_STYLE = Automatic;
				CURRENT_PROJECT_VERSION = 1;
				DEVELOPMENT_TEAM = RVQM7JW9C3;
				GENERATE_INFOPLIST_FILE = YES;
				INFOPLIST_FILE = LiveMentoringSession/Info.plist;
				INFOPLIST_KEY_UIApplicationSupportsIndirectInputEvents = YES;
				INFOPLIST_KEY_UILaunchStoryboardName = LaunchScreen;
				INFOPLIST_KEY_UIMainStoryboardFile = Main;
				INFOPLIST_KEY_UISupportedInterfaceOrientations_iPad = "UIInterfaceOrientationPortrait UIInterfaceOrientationPortraitUpsideDown UIInterfaceOrientationLandscapeLeft UIInterfaceOrientationLandscapeRight";
				INFOPLIST_KEY_UISupportedInterfaceOrientations_iPhone = "UIInterfaceOrientationPortrait UIInterfaceOrientationLandscapeLeft UIInterfaceOrientationLandscapeRight";
				LD_RUNPATH_SEARCH_PATHS = (
					"$(inherited)",
					"@executable_path/Frameworks",
				);
				MARKETING_VERSION = 1.0;
				PRODUCT_BUNDLE_IDENTIFIER = com.ryanneilstroud.LiveMentoringSession;
				PRODUCT_NAME = "$(TARGET_NAME)";
				SWIFT_EMIT_LOC_STRINGS = YES;
				SWIFT_VERSION = 5.0;
				TARGETED_DEVICE_FAMILY = "1,2";
			};
			name = Debug;
		};
		62497C7A2AB5BA5800832A76 /* Release */ = {
			isa = XCBuildConfiguration;
			baseConfigurationReference = BA1F96345E8B8655B7A546BB /* Pods-LiveMentoringSession.release.xcconfig */;
			buildSettings = {
				ASSETCATALOG_COMPILER_APPICON_NAME = AppIcon;
				ASSETCATALOG_COMPILER_GLOBAL_ACCENT_COLOR_NAME = AccentColor;
				CODE_SIGN_STYLE = Automatic;
				CURRENT_PROJECT_VERSION = 1;
				DEVELOPMENT_TEAM = RVQM7JW9C3;
				GENERATE_INFOPLIST_FILE = YES;
				INFOPLIST_FILE = LiveMentoringSession/Info.plist;
				INFOPLIST_KEY_UIApplicationSupportsIndirectInputEvents = YES;
				INFOPLIST_KEY_UILaunchStoryboardName = LaunchScreen;
				INFOPLIST_KEY_UIMainStoryboardFile = Main;
				INFOPLIST_KEY_UISupportedInterfaceOrientations_iPad = "UIInterfaceOrientationPortrait UIInterfaceOrientationPortraitUpsideDown UIInterfaceOrientationLandscapeLeft UIInterfaceOrientationLandscapeRight";
				INFOPLIST_KEY_UISupportedInterfaceOrientations_iPhone = "UIInterfaceOrientationPortrait UIInterfaceOrientationLandscapeLeft UIInterfaceOrientationLandscapeRight";
				LD_RUNPATH_SEARCH_PATHS = (
					"$(inherited)",
					"@executable_path/Frameworks",
				);
				MARKETING_VERSION = 1.0;
				PRODUCT_BUNDLE_IDENTIFIER = com.ryanneilstroud.LiveMentoringSession;
				PRODUCT_NAME = "$(TARGET_NAME)";
				SWIFT_EMIT_LOC_STRINGS = YES;
				SWIFT_VERSION = 5.0;
				TARGETED_DEVICE_FAMILY = "1,2";
			};
			name = Release;
		};
		62497C8E2AB5C49700832A76 /* Debug */ = {
			isa = XCBuildConfiguration;
			baseConfigurationReference = 7F03C61B098567BB284985C9 /* Pods-LiveMentoringSessionTests.debug.xcconfig */;
			buildSettings = {
				BUNDLE_LOADER = "$(TEST_HOST)";
				CODE_SIGN_STYLE = Automatic;
				CURRENT_PROJECT_VERSION = 1;
				DEVELOPMENT_TEAM = RVQM7JW9C3;
				GENERATE_INFOPLIST_FILE = YES;
				MARKETING_VERSION = 1.0;
				PRODUCT_BUNDLE_IDENTIFIER = com.ryanneilstroud.LiveMentoringSessionTests;
				PRODUCT_NAME = "$(TARGET_NAME)";
				SWIFT_EMIT_LOC_STRINGS = NO;
				SWIFT_VERSION = 5.0;
				TARGETED_DEVICE_FAMILY = "1,2";
				TEST_HOST = "$(BUILT_PRODUCTS_DIR)/LiveMentoringSession.app/$(BUNDLE_EXECUTABLE_FOLDER_PATH)/LiveMentoringSession";
			};
			name = Debug;
		};
		62497C8F2AB5C49700832A76 /* Release */ = {
			isa = XCBuildConfiguration;
			baseConfigurationReference = 85C2EEB9AF8FA95AA69B2D2D /* Pods-LiveMentoringSessionTests.release.xcconfig */;
			buildSettings = {
				BUNDLE_LOADER = "$(TEST_HOST)";
				CODE_SIGN_STYLE = Automatic;
				CURRENT_PROJECT_VERSION = 1;
				DEVELOPMENT_TEAM = RVQM7JW9C3;
				GENERATE_INFOPLIST_FILE = YES;
				MARKETING_VERSION = 1.0;
				PRODUCT_BUNDLE_IDENTIFIER = com.ryanneilstroud.LiveMentoringSessionTests;
				PRODUCT_NAME = "$(TARGET_NAME)";
				SWIFT_EMIT_LOC_STRINGS = NO;
				SWIFT_VERSION = 5.0;
				TARGETED_DEVICE_FAMILY = "1,2";
				TEST_HOST = "$(BUILT_PRODUCTS_DIR)/LiveMentoringSession.app/$(BUNDLE_EXECUTABLE_FOLDER_PATH)/LiveMentoringSession";
			};
			name = Release;
		};
/* End XCBuildConfiguration section */

/* Begin XCConfigurationList section */
		62497C5F2AB5BA5700832A76 /* Build configuration list for PBXProject "LiveMentoringSession" */ = {
			isa = XCConfigurationList;
			buildConfigurations = (
				62497C762AB5BA5800832A76 /* Debug */,
				62497C772AB5BA5800832A76 /* Release */,
			);
			defaultConfigurationIsVisible = 0;
			defaultConfigurationName = Release;
		};
		62497C782AB5BA5800832A76 /* Build configuration list for PBXNativeTarget "LiveMentoringSession" */ = {
			isa = XCConfigurationList;
			buildConfigurations = (
				62497C792AB5BA5800832A76 /* Debug */,
				62497C7A2AB5BA5800832A76 /* Release */,
			);
			defaultConfigurationIsVisible = 0;
			defaultConfigurationName = Release;
		};
		62497C8D2AB5C49700832A76 /* Build configuration list for PBXNativeTarget "LiveMentoringSessionTests" */ = {
			isa = XCConfigurationList;
			buildConfigurations = (
				62497C8E2AB5C49700832A76 /* Debug */,
				62497C8F2AB5C49700832A76 /* Release */,
			);
			defaultConfigurationIsVisible = 0;
			defaultConfigurationName = Release;
		};
/* End XCConfigurationList section */
	};
	rootObject = 62497C5C2AB5BA5700832A76 /* Project object */;
}
